// !$*UTF8*$!
{
	archiveVersion = 1;
	classes = {
	};
	objectVersion = 55;
	objects = {

/* Begin PBXBuildFile section */
		186324D427F539E900C46D4C /* AppDelegate.swift in Sources */ = {isa = PBXBuildFile; fileRef = 186324D327F539E900C46D4C /* AppDelegate.swift */; };
		186324D627F539E900C46D4C /* SceneDelegate.swift in Sources */ = {isa = PBXBuildFile; fileRef = 186324D527F539E900C46D4C /* SceneDelegate.swift */; };
		186324D827F539E900C46D4C /* ViewController.swift in Sources */ = {isa = PBXBuildFile; fileRef = 186324D727F539E900C46D4C /* ViewController.swift */; };
		186324DB27F539E900C46D4C /* Main.storyboard in Resources */ = {isa = PBXBuildFile; fileRef = 186324D927F539E900C46D4C /* Main.storyboard */; };
		186324DD27F539EB00C46D4C /* Assets.xcassets in Resources */ = {isa = PBXBuildFile; fileRef = 186324DC27F539EB00C46D4C /* Assets.xcassets */; };
		186324E027F539EB00C46D4C /* LaunchScreen.storyboard in Resources */ = {isa = PBXBuildFile; fileRef = 186324DE27F539EB00C46D4C /* LaunchScreen.storyboard */; };
		186324EB27F539EB00C46D4C /* url_sessionProjectTests.swift in Sources */ = {isa = PBXBuildFile; fileRef = 186324EA27F539EB00C46D4C /* url_sessionProjectTests.swift */; };
		186324F527F539EB00C46D4C /* url_sessionProjectUITests.swift in Sources */ = {isa = PBXBuildFile; fileRef = 186324F427F539EB00C46D4C /* url_sessionProjectUITests.swift */; };
		186324F727F539EB00C46D4C /* url_sessionProjectUITestsLaunchTests.swift in Sources */ = {isa = PBXBuildFile; fileRef = 186324F627F539EB00C46D4C /* url_sessionProjectUITestsLaunchTests.swift */; };
		1863250427F53A7700C46D4C /* ToDoModel.swift in Sources */ = {isa = PBXBuildFile; fileRef = 1863250327F53A7700C46D4C /* ToDoModel.swift */; };
/* End PBXBuildFile section */

/* Begin PBXContainerItemProxy section */
		186324E727F539EB00C46D4C /* PBXContainerItemProxy */ = {
			isa = PBXContainerItemProxy;
			containerPortal = 186324C827F539E900C46D4C /* Project object */;
			proxyType = 1;
			remoteGlobalIDString = 186324CF27F539E900C46D4C;
			remoteInfo = "url sessionProject";
		};
		186324F127F539EB00C46D4C /* PBXContainerItemProxy */ = {
			isa = PBXContainerItemProxy;
			containerPortal = 186324C827F539E900C46D4C /* Project object */;
			proxyType = 1;
			remoteGlobalIDString = 186324CF27F539E900C46D4C;
			remoteInfo = "url sessionProject";
		};
/* End PBXContainerItemProxy section */

/* Begin PBXFileReference section */
		186324D027F539E900C46D4C /* url sessionProject.app */ = {isa = PBXFileReference; explicitFileType = wrapper.application; includeInIndex = 0; path = "url sessionProject.app"; sourceTree = BUILT_PRODUCTS_DIR; };
		186324D327F539E900C46D4C /* AppDelegate.swift */ = {isa = PBXFileReference; lastKnownFileType = sourcecode.swift; path = AppDelegate.swift; sourceTree = "<group>"; };
		186324D527F539E900C46D4C /* SceneDelegate.swift */ = {isa = PBXFileReference; lastKnownFileType = sourcecode.swift; path = SceneDelegate.swift; sourceTree = "<group>"; };
		186324D727F539E900C46D4C /* ViewController.swift */ = {isa = PBXFileReference; lastKnownFileType = sourcecode.swift; path = ViewController.swift; sourceTree = "<group>"; };
		186324DA27F539E900C46D4C /* Base */ = {isa = PBXFileReference; lastKnownFileType = file.storyboard; name = Base; path = Base.lproj/Main.storyboard; sourceTree = "<group>"; };
		186324DC27F539EB00C46D4C /* Assets.xcassets */ = {isa = PBXFileReference; lastKnownFileType = folder.assetcatalog; path = Assets.xcassets; sourceTree = "<group>"; };
		186324DF27F539EB00C46D4C /* Base */ = {isa = PBXFileReference; lastKnownFileType = file.storyboard; name = Base; path = Base.lproj/LaunchScreen.storyboard; sourceTree = "<group>"; };
		186324E127F539EB00C46D4C /* Info.plist */ = {isa = PBXFileReference; lastKnownFileType = text.plist.xml; path = Info.plist; sourceTree = "<group>"; };
		186324E627F539EB00C46D4C /* url sessionProjectTests.xctest */ = {isa = PBXFileReference; explicitFileType = wrapper.cfbundle; includeInIndex = 0; path = "url sessionProjectTests.xctest"; sourceTree = BUILT_PRODUCTS_DIR; };
		186324EA27F539EB00C46D4C /* url_sessionProjectTests.swift */ = {isa = PBXFileReference; lastKnownFileType = sourcecode.swift; path = url_sessionProjectTests.swift; sourceTree = "<group>"; };
		186324F027F539EB00C46D4C /* url sessionProjectUITests.xctest */ = {isa = PBXFileReference; explicitFileType = wrapper.cfbundle; includeInIndex = 0; path = "url sessionProjectUITests.xctest"; sourceTree = BUILT_PRODUCTS_DIR; };
		186324F427F539EB00C46D4C /* url_sessionProjectUITests.swift */ = {isa = PBXFileReference; lastKnownFileType = sourcecode.swift; path = url_sessionProjectUITests.swift; sourceTree = "<group>"; };
		186324F627F539EB00C46D4C /* url_sessionProjectUITestsLaunchTests.swift */ = {isa = PBXFileReference; lastKnownFileType = sourcecode.swift; path = url_sessionProjectUITestsLaunchTests.swift; sourceTree = "<group>"; };
		1863250327F53A7700C46D4C /* ToDoModel.swift */ = {isa = PBXFileReference; fileEncoding = 4; lastKnownFileType = sourcecode.swift; path = ToDoModel.swift; sourceTree = "<group>"; };
/* End PBXFileReference section */

/* Begin PBXFrameworksBuildPhase section */
		186324CD27F539E900C46D4C /* Frameworks */ = {
			isa = PBXFrameworksBuildPhase;
			buildActionMask = 2147483647;
			files = (
			);
			runOnlyForDeploymentPostprocessing = 0;
		};
		186324E327F539EB00C46D4C /* Frameworks */ = {
			isa = PBXFrameworksBuildPhase;
			buildActionMask = 2147483647;
			files = (
			);
			runOnlyForDeploymentPostprocessing = 0;
		};
		186324ED27F539EB00C46D4C /* Frameworks */ = {
			isa = PBXFrameworksBuildPhase;
			buildActionMask = 2147483647;
			files = (
			);
			runOnlyForDeploymentPostprocessing = 0;
		};
/* End PBXFrameworksBuildPhase section */

/* Begin PBXGroup section */
		186324C727F539E900C46D4C = {
			isa = PBXGroup;
			children = (
				186324D227F539E900C46D4C /* url sessionProject */,
				186324E927F539EB00C46D4C /* url sessionProjectTests */,
				186324F327F539EB00C46D4C /* url sessionProjectUITests */,
				186324D127F539E900C46D4C /* Products */,
			);
			sourceTree = "<group>";
		};
		186324D127F539E900C46D4C /* Products */ = {
			isa = PBXGroup;
			children = (
				186324D027F539E900C46D4C /* url sessionProject.app */,
				186324E627F539EB00C46D4C /* url sessionProjectTests.xctest */,
				186324F027F539EB00C46D4C /* url sessionProjectUITests.xctest */,
			);
			name = Products;
			sourceTree = "<group>";
		};
		186324D227F539E900C46D4C /* url sessionProject */ = {
			isa = PBXGroup;
			children = (
				186324D327F539E900C46D4C /* AppDelegate.swift */,
				186324D527F539E900C46D4C /* SceneDelegate.swift */,
				1863250327F53A7700C46D4C /* ToDoModel.swift */,
				186324D727F539E900C46D4C /* ViewController.swift */,
				186324D927F539E900C46D4C /* Main.storyboard */,
				186324DC27F539EB00C46D4C /* Assets.xcassets */,
				186324DE27F539EB00C46D4C /* LaunchScreen.storyboard */,
				186324E127F539EB00C46D4C /* Info.plist */,
			);
			path = "url sessionProject";
			sourceTree = "<group>";
		};
		186324E927F539EB00C46D4C /* url sessionProjectTests */ = {
			isa = PBXGroup;
			children = (
				186324EA27F539EB00C46D4C /* url_sessionProjectTests.swift */,
			);
			path = "url sessionProjectTests";
			sourceTree = "<group>";
		};
		186324F327F539EB00C46D4C /* url sessionProjectUITests */ = {
			isa = PBXGroup;
			children = (
				186324F427F539EB00C46D4C /* url_sessionProjectUITests.swift */,
				186324F627F539EB00C46D4C /* url_sessionProjectUITestsLaunchTests.swift */,
			);
			path = "url sessionProjectUITests";
			sourceTree = "<group>";
		};
/* End PBXGroup section */

/* Begin PBXNativeTarget section */
		186324CF27F539E900C46D4C /* url sessionProject */ = {
			isa = PBXNativeTarget;
			buildConfigurationList = 186324FA27F539EB00C46D4C /* Build configuration list for PBXNativeTarget "url sessionProject" */;
			buildPhases = (
				186324CC27F539E900C46D4C /* Sources */,
				186324CD27F539E900C46D4C /* Frameworks */,
				186324CE27F539E900C46D4C /* Resources */,
			);
			buildRules = (
			);
			dependencies = (
			);
			name = "url sessionProject";
			productName = "url sessionProject";
			productReference = 186324D027F539E900C46D4C /* url sessionProject.app */;
			productType = "com.apple.product-type.application";
		};
		186324E527F539EB00C46D4C /* url sessionProjectTests */ = {
			isa = PBXNativeTarget;
			buildConfigurationList = 186324FD27F539EB00C46D4C /* Build configuration list for PBXNativeTarget "url sessionProjectTests" */;
			buildPhases = (
				186324E227F539EB00C46D4C /* Sources */,
				186324E327F539EB00C46D4C /* Frameworks */,
				186324E427F539EB00C46D4C /* Resources */,
			);
			buildRules = (
			);
			dependencies = (
				186324E827F539EB00C46D4C /* PBXTargetDependency */,
			);
			name = "url sessionProjectTests";
			productName = "url sessionProjectTests";
			productReference = 186324E627F539EB00C46D4C /* url sessionProjectTests.xctest */;
			productType = "com.apple.product-type.bundle.unit-test";
		};
		186324EF27F539EB00C46D4C /* url sessionProjectUITests */ = {
			isa = PBXNativeTarget;
			buildConfigurationList = 1863250027F539EB00C46D4C /* Build configuration list for PBXNativeTarget "url sessionProjectUITests" */;
			buildPhases = (
				186324EC27F539EB00C46D4C /* Sources */,
				186324ED27F539EB00C46D4C /* Frameworks */,
				186324EE27F539EB00C46D4C /* Resources */,
			);
			buildRules = (
			);
			dependencies = (
				186324F227F539EB00C46D4C /* PBXTargetDependency */,
			);
			name = "url sessionProjectUITests";
			productName = "url sessionProjectUITests";
			productReference = 186324F027F539EB00C46D4C /* url sessionProjectUITests.xctest */;
			productType = "com.apple.product-type.bundle.ui-testing";
		};
/* End PBXNativeTarget section */

/* Begin PBXProject section */
		186324C827F539E900C46D4C /* Project object */ = {
			isa = PBXProject;
			attributes = {
				BuildIndependentTargetsInParallel = 1;
				LastSwiftUpdateCheck = 1330;
				LastUpgradeCheck = 1330;
				TargetAttributes = {
					186324CF27F539E900C46D4C = {
						CreatedOnToolsVersion = 13.3;
					};
					186324E527F539EB00C46D4C = {
						CreatedOnToolsVersion = 13.3;
						TestTargetID = 186324CF27F539E900C46D4C;
					};
					186324EF27F539EB00C46D4C = {
						CreatedOnToolsVersion = 13.3;
						TestTargetID = 186324CF27F539E900C46D4C;
					};
				};
			};
			buildConfigurationList = 186324CB27F539E900C46D4C /* Build configuration list for PBXProject "url sessionProject" */;
			compatibilityVersion = "Xcode 13.0";
			developmentRegion = en;
			hasScannedForEncodings = 0;
			knownRegions = (
				en,
				Base,
			);
			mainGroup = 186324C727F539E900C46D4C;
			productRefGroup = 186324D127F539E900C46D4C /* Products */;
			projectDirPath = "";
			projectRoot = "";
			targets = (
				186324CF27F539E900C46D4C /* url sessionProject */,
				186324E527F539EB00C46D4C /* url sessionProjectTests */,
				186324EF27F539EB00C46D4C /* url sessionProjectUITests */,
			);
		};
/* End PBXProject section */

/* Begin PBXResourcesBuildPhase section */
		186324CE27F539E900C46D4C /* Resources */ = {
			isa = PBXResourcesBuildPhase;
			buildActionMask = 2147483647;
			files = (
				186324E027F539EB00C46D4C /* LaunchScreen.storyboard in Resources */,
				186324DD27F539EB00C46D4C /* Assets.xcassets in Resources */,
				186324DB27F539E900C46D4C /* Main.storyboard in Resources */,
			);
			runOnlyForDeploymentPostprocessing = 0;
		};
		186324E427F539EB00C46D4C /* Resources */ = {
			isa = PBXResourcesBuildPhase;
			buildActionMask = 2147483647;
			files = (
			);
			runOnlyForDeploymentPostprocessing = 0;
		};
		186324EE27F539EB00C46D4C /* Resources */ = {
			isa = PBXResourcesBuildPhase;
			buildActionMask = 2147483647;
			files = (
			);
			runOnlyForDeploymentPostprocessing = 0;
		};
/* End PBXResourcesBuildPhase section */

/* Begin PBXSourcesBuildPhase section */
		186324CC27F539E900C46D4C /* Sources */ = {
			isa = PBXSourcesBuildPhase;
			buildActionMask = 2147483647;
			files = (
				186324D827F539E900C46D4C /* ViewController.swift in Sources */,
				1863250427F53A7700C46D4C /* ToDoModel.swift in Sources */,
				186324D427F539E900C46D4C /* AppDelegate.swift in Sources */,
				186324D627F539E900C46D4C /* SceneDelegate.swift in Sources */,
			);
			runOnlyForDeploymentPostprocessing = 0;
		};
		186324E227F539EB00C46D4C /* Sources */ = {
			isa = PBXSourcesBuildPhase;
			buildActionMask = 2147483647;
			files = (
				186324EB27F539EB00C46D4C /* url_sessionProjectTests.swift in Sources */,
			);
			runOnlyForDeploymentPostprocessing = 0;
		};
		186324EC27F539EB00C46D4C /* Sources */ = {
			isa = PBXSourcesBuildPhase;
			buildActionMask = 2147483647;
			files = (
				186324F527F539EB00C46D4C /* url_sessionProjectUITests.swift in Sources */,
				186324F727F539EB00C46D4C /* url_sessionProjectUITestsLaunchTests.swift in Sources */,
			);
			runOnlyForDeploymentPostprocessing = 0;
		};
/* End PBXSourcesBuildPhase section */

/* Begin PBXTargetDependency section */
		186324E827F539EB00C46D4C /* PBXTargetDependency */ = {
			isa = PBXTargetDependency;
			target = 186324CF27F539E900C46D4C /* url sessionProject */;
			targetProxy = 186324E727F539EB00C46D4C /* PBXContainerItemProxy */;
		};
		186324F227F539EB00C46D4C /* PBXTargetDependency */ = {
			isa = PBXTargetDependency;
			target = 186324CF27F539E900C46D4C /* url sessionProject */;
			targetProxy = 186324F127F539EB00C46D4C /* PBXContainerItemProxy */;
		};
/* End PBXTargetDependency section */

/* Begin PBXVariantGroup section */
		186324D927F539E900C46D4C /* Main.storyboard */ = {
			isa = PBXVariantGroup;
			children = (
				186324DA27F539E900C46D4C /* Base */,
			);
			name = Main.storyboard;
			sourceTree = "<group>";
		};
		186324DE27F539EB00C46D4C /* LaunchScreen.storyboard */ = {
			isa = PBXVariantGroup;
			children = (
				186324DF27F539EB00C46D4C /* Base */,
			);
			name = LaunchScreen.storyboard;
			sourceTree = "<group>";
		};
/* End PBXVariantGroup section */

/* Begin XCBuildConfiguration section */
		186324F827F539EB00C46D4C /* Debug */ = {
			isa = XCBuildConfiguration;
			buildSettings = {
				ALWAYS_SEARCH_USER_PATHS = NO;
				CLANG_ANALYZER_NONNULL = YES;
				CLANG_ANALYZER_NUMBER_OBJECT_CONVERSION = YES_AGGRESSIVE;
				CLANG_CXX_LANGUAGE_STANDARD = "gnu++17";
				CLANG_ENABLE_MODULES = YES;
				CLANG_ENABLE_OBJC_ARC = YES;
				CLANG_ENABLE_OBJC_WEAK = YES;
				CLANG_WARN_BLOCK_CAPTURE_AUTORELEASING = YES;
				CLANG_WARN_BOOL_CONVERSION = YES;
				CLANG_WARN_COMMA = YES;
				CLANG_WARN_CONSTANT_CONVERSION = YES;
				CLANG_WARN_DEPRECATED_OBJC_IMPLEMENTATIONS = YES;
				CLANG_WARN_DIRECT_OBJC_ISA_USAGE = YES_ERROR;
				CLANG_WARN_DOCUMENTATION_COMMENTS = YES;
				CLANG_WARN_EMPTY_BODY = YES;
				CLANG_WARN_ENUM_CONVERSION = YES;
				CLANG_WARN_INFINITE_RECURSION = YES;
				CLANG_WARN_INT_CONVERSION = YES;
				CLANG_WARN_NON_LITERAL_NULL_CONVERSION = YES;
				CLANG_WARN_OBJC_IMPLICIT_RETAIN_SELF = YES;
				CLANG_WARN_OBJC_LITERAL_CONVERSION = YES;
				CLANG_WARN_OBJC_ROOT_CLASS = YES_ERROR;
				CLANG_WARN_QUOTED_INCLUDE_IN_FRAMEWORK_HEADER = YES;
				CLANG_WARN_RANGE_LOOP_ANALYSIS = YES;
				CLANG_WARN_STRICT_PROTOTYPES = YES;
				CLANG_WARN_SUSPICIOUS_MOVE = YES;
				CLANG_WARN_UNGUARDED_AVAILABILITY = YES_AGGRESSIVE;
				CLANG_WARN_UNREACHABLE_CODE = YES;
				CLANG_WARN__DUPLICATE_METHOD_MATCH = YES;
				COPY_PHASE_STRIP = NO;
				DEBUG_INFORMATION_FORMAT = dwarf;
				ENABLE_STRICT_OBJC_MSGSEND = YES;
				ENABLE_TESTABILITY = YES;
				GCC_C_LANGUAGE_STANDARD = gnu11;
				GCC_DYNAMIC_NO_PIC = NO;
				GCC_NO_COMMON_BLOCKS = YES;
				GCC_OPTIMIZATION_LEVEL = 0;
				GCC_PREPROCESSOR_DEFINITIONS = (
					"DEBUG=1",
					"$(inherited)",
				);
				GCC_WARN_64_TO_32_BIT_CONVERSION = YES;
				GCC_WARN_ABOUT_RETURN_TYPE = YES_ERROR;
				GCC_WARN_UNDECLARED_SELECTOR = YES;
				GCC_WARN_UNINITIALIZED_AUTOS = YES_AGGRESSIVE;
				GCC_WARN_UNUSED_FUNCTION = YES;
				GCC_WARN_UNUSED_VARIABLE = YES;
				IPHONEOS_DEPLOYMENT_TARGET = 15.4;
				MTL_ENABLE_DEBUG_INFO = INCLUDE_SOURCE;
				MTL_FAST_MATH = YES;
				ONLY_ACTIVE_ARCH = YES;
				SDKROOT = iphoneos;
				SWIFT_ACTIVE_COMPILATION_CONDITIONS = DEBUG;
				SWIFT_OPTIMIZATION_LEVEL = "-Onone";
			};
			name = Debug;
		};
		186324F927F539EB00C46D4C /* Release */ = {
			isa = XCBuildConfiguration;
			buildSettings = {
				ALWAYS_SEARCH_USER_PATHS = NO;
				CLANG_ANALYZER_NONNULL = YES;
				CLANG_ANALYZER_NUMBER_OBJECT_CONVERSION = YES_AGGRESSIVE;
				CLANG_CXX_LANGUAGE_STANDARD = "gnu++17";
				CLANG_ENABLE_MODULES = YES;
				CLANG_ENABLE_OBJC_ARC = YES;
				CLANG_ENABLE_OBJC_WEAK = YES;
				CLANG_WARN_BLOCK_CAPTURE_AUTORELEASING = YES;
				CLANG_WARN_BOOL_CONVERSION = YES;
				CLANG_WARN_COMMA = YES;
				CLANG_WARN_CONSTANT_CONVERSION = YES;
				CLANG_WARN_DEPRECATED_OBJC_IMPLEMENTATIONS = YES;
				CLANG_WARN_DIRECT_OBJC_ISA_USAGE = YES_ERROR;
				CLANG_WARN_DOCUMENTATION_COMMENTS = YES;
				CLANG_WARN_EMPTY_BODY = YES;
				CLANG_WARN_ENUM_CONVERSION = YES;
				CLANG_WARN_INFINITE_RECURSION = YES;
				CLANG_WARN_INT_CONVERSION = YES;
				CLANG_WARN_NON_LITERAL_NULL_CONVERSION = YES;
				CLANG_WARN_OBJC_IMPLICIT_RETAIN_SELF = YES;
				CLANG_WARN_OBJC_LITERAL_CONVERSION = YES;
				CLANG_WARN_OBJC_ROOT_CLASS = YES_ERROR;
				CLANG_WARN_QUOTED_INCLUDE_IN_FRAMEWORK_HEADER = YES;
				CLANG_WARN_RANGE_LOOP_ANALYSIS = YES;
				CLANG_WARN_STRICT_PROTOTYPES = YES;
				CLANG_WARN_SUSPICIOUS_MOVE = YES;
				CLANG_WARN_UNGUARDED_AVAILABILITY = YES_AGGRESSIVE;
				CLANG_WARN_UNREACHABLE_CODE = YES;
				CLANG_WARN__DUPLICATE_METHOD_MATCH = YES;
				COPY_PHASE_STRIP = NO;
				DEBUG_INFORMATION_FORMAT = "dwarf-with-dsym";
				ENABLE_NS_ASSERTIONS = NO;
				ENABLE_STRICT_OBJC_MSGSEND = YES;
				GCC_C_LANGUAGE_STANDARD = gnu11;
				GCC_NO_COMMON_BLOCKS = YES;
				GCC_WARN_64_TO_32_BIT_CONVERSION = YES;
				GCC_WARN_ABOUT_RETURN_TYPE = YES_ERROR;
				GCC_WARN_UNDECLARED_SELECTOR = YES;
				GCC_WARN_UNINITIALIZED_AUTOS = YES_AGGRESSIVE;
				GCC_WARN_UNUSED_FUNCTION = YES;
				GCC_WARN_UNUSED_VARIABLE = YES;
				IPHONEOS_DEPLOYMENT_TARGET = 15.4;
				MTL_ENABLE_DEBUG_INFO = NO;
				MTL_FAST_MATH = YES;
				SDKROOT = iphoneos;
				SWIFT_COMPILATION_MODE = wholemodule;
				SWIFT_OPTIMIZATION_LEVEL = "-O";
				VALIDATE_PRODUCT = YES;
			};
			name = Release;
		};
		186324FB27F539EB00C46D4C /* Debug */ = {
			isa = XCBuildConfiguration;
			buildSettings = {
				ASSETCATALOG_COMPILER_APPICON_NAME = AppIcon;
				ASSETCATALOG_COMPILER_GLOBAL_ACCENT_COLOR_NAME = AccentColor;
				CODE_SIGN_STYLE = Automatic;
				CURRENT_PROJECT_VERSION = 1;
				GENERATE_INFOPLIST_FILE = YES;
				INFOPLIST_FILE = "url sessionProject/Info.plist";
				INFOPLIST_KEY_UIApplicationSupportsIndirectInputEvents = YES;
				INFOPLIST_KEY_UILaunchStoryboardName = LaunchScreen;
				INFOPLIST_KEY_UIMainStoryboardFile = Main;
				INFOPLIST_KEY_UISupportedInterfaceOrientations_iPad = "UIInterfaceOrientationPortrait UIInterfaceOrientationPortraitUpsideDown UIInterfaceOrientationLandscapeLeft UIInterfaceOrientationLandscapeRight";
				INFOPLIST_KEY_UISupportedInterfaceOrientations_iPhone = "UIInterfaceOrientationPortrait UIInterfaceOrientationLandscapeLeft UIInterfaceOrientationLandscapeRight";
				LD_RUNPATH_SEARCH_PATHS = (
					"$(inherited)",
					"@executable_path/Frameworks",
				);
				MARKETING_VERSION = 1.0;
				PRODUCT_BUNDLE_IDENTIFIER = "viewcontroller.url-sessionProject";
				PRODUCT_NAME = "$(TARGET_NAME)";
				SWIFT_EMIT_LOC_STRINGS = YES;
				SWIFT_VERSION = 5.0;
				TARGETED_DEVICE_FAMILY = "1,2";
			};
			name = Debug;
		};
		186324FC27F539EB00C46D4C /* Release */ = {
			isa = XCBuildConfiguration;
			buildSettings = {
				ASSETCATALOG_COMPILER_APPICON_NAME = AppIcon;
				ASSETCATALOG_COMPILER_GLOBAL_ACCENT_COLOR_NAME = AccentColor;
				CODE_SIGN_STYLE = Automatic;
				CURRENT_PROJECT_VERSION = 1;
				GENERATE_INFOPLIST_FILE = YES;
				INFOPLIST_FILE = "url sessionProject/Info.plist";
				INFOPLIST_KEY_UIApplicationSupportsIndirectInputEvents = YES;
				INFOPLIST_KEY_UILaunchStoryboardName = LaunchScreen;
				INFOPLIST_KEY_UIMainStoryboardFile = Main;
				INFOPLIST_KEY_UISupportedInterfaceOrientations_iPad = "UIInterfaceOrientationPortrait UIInterfaceOrientationPortraitUpsideDown UIInterfaceOrientationLandscapeLeft UIInterfaceOrientationLandscapeRight";
				INFOPLIST_KEY_UISupportedInterfaceOrientations_iPhone = "UIInterfaceOrientationPortrait UIInterfaceOrientationLandscapeLeft UIInterfaceOrientationLandscapeRight";
				LD_RUNPATH_SEARCH_PATHS = (
					"$(inherited)",
					"@executable_path/Frameworks",
				);
				MARKETING_VERSION = 1.0;
				PRODUCT_BUNDLE_IDENTIFIER = "viewcontroller.url-sessionProject";
				PRODUCT_NAME = "$(TARGET_NAME)";
				SWIFT_EMIT_LOC_STRINGS = YES;
				SWIFT_VERSION = 5.0;
				TARGETED_DEVICE_FAMILY = "1,2";
			};
			name = Release;
		};
		186324FE27F539EB00C46D4C /* Debug */ = {
			isa = XCBuildConfiguration;
			buildSettings = {
				ALWAYS_EMBED_SWIFT_STANDARD_LIBRARIES = YES;
				BUNDLE_LOADER = "$(TEST_HOST)";
				CODE_SIGN_STYLE = Automatic;
				CURRENT_PROJECT_VERSION = 1;
				GENERATE_INFOPLIST_FILE = YES;
				IPHONEOS_DEPLOYMENT_TARGET = 15.4;
				MARKETING_VERSION = 1.0;
				PRODUCT_BUNDLE_IDENTIFIER = "viewcontroller.url-sessionProjectTests";
				PRODUCT_NAME = "$(TARGET_NAME)";
				SWIFT_EMIT_LOC_STRINGS = NO;
				SWIFT_VERSION = 5.0;
				TARGETED_DEVICE_FAMILY = "1,2";
				TEST_HOST = "$(BUILT_PRODUCTS_DIR)/url sessionProject.app/url sessionProject";
			};
			name = Debug;
		};
		186324FF27F539EB00C46D4C /* Release */ = {
			isa = XCBuildConfiguration;
			buildSettings = {
				ALWAYS_EMBED_SWIFT_STANDARD_LIBRARIES = YES;
				BUNDLE_LOADER = "$(TEST_HOST)";
				CODE_SIGN_STYLE = Automatic;
				CURRENT_PROJECT_VERSION = 1;
				GENERATE_INFOPLIST_FILE = YES;
				IPHONEOS_DEPLOYMENT_TARGET = 15.4;
				MARKETING_VERSION = 1.0;
				PRODUCT_BUNDLE_IDENTIFIER = "viewcontroller.url-sessionProjectTests";
				PRODUCT_NAME = "$(TARGET_NAME)";
				SWIFT_EMIT_LOC_STRINGS = NO;
				SWIFT_VERSION = 5.0;
				TARGETED_DEVICE_FAMILY = "1,2";
				TEST_HOST = "$(BUILT_PRODUCTS_DIR)/url sessionProject.app/url sessionProject";
			};
			name = Release;
		};
		1863250127F539EB00C46D4C /* Debug */ = {
			isa = XCBuildConfiguration;
			buildSettings = {
				ALWAYS_EMBED_SWIFT_STANDARD_LIBRARIES = YES;
				CODE_SIGN_STYLE = Automatic;
				CURRENT_PROJECT_VERSION = 1;
				GENERATE_INFOPLIST_FILE = YES;
				MARKETING_VERSION = 1.0;
				PRODUCT_BUNDLE_IDENTIFIER = "viewcontroller.url-sessionProjectUITests";
				PRODUCT_NAME = "$(TARGET_NAME)";
				SWIFT_EMIT_LOC_STRINGS = NO;
				SWIFT_VERSION = 5.0;
				TARGETED_DEVICE_FAMILY = "1,2";
				TEST_TARGET_NAME = "url sessionProject";
			};
			name = Debug;
		};
		1863250227F539EB00C46D4C /* Release */ = {
			isa = XCBuildConfiguration;
			buildSettings = {
				ALWAYS_EMBED_SWIFT_STANDARD_LIBRARIES = YES;
				CODE_SIGN_STYLE = Automatic;
				CURRENT_PROJECT_VERSION = 1;
				GENERATE_INFOPLIST_FILE = YES;
				MARKETING_VERSION = 1.0;
				PRODUCT_BUNDLE_IDENTIFIER = "viewcontroller.url-sessionProjectUITests";
				PRODUCT_NAME = "$(TARGET_NAME)";
				SWIFT_EMIT_LOC_STRINGS = NO;
				SWIFT_VERSION = 5.0;
				TARGETED_DEVICE_FAMILY = "1,2";
				TEST_TARGET_NAME = "url sessionProject";
			};
			name = Release;
		};
/* End XCBuildConfiguration section */

/* Begin XCConfigurationList section */
		186324CB27F539E900C46D4C /* Build configuration list for PBXProject "url sessionProject" */ = {
			isa = XCConfigurationList;
			buildConfigurations = (
				186324F827F539EB00C46D4C /* Debug */,
				186324F927F539EB00C46D4C /* Release */,
			);
			defaultConfigurationIsVisible = 0;
			defaultConfigurationName = Release;
		};
		186324FA27F539EB00C46D4C /* Build configuration list for PBXNativeTarget "url sessionProject" */ = {
			isa = XCConfigurationList;
			buildConfigurations = (
				186324FB27F539EB00C46D4C /* Debug */,
				186324FC27F539EB00C46D4C /* Release */,
			);
			defaultConfigurationIsVisible = 0;
			defaultConfigurationName = Release;
		};
		186324FD27F539EB00C46D4C /* Build configuration list for PBXNativeTarget "url sessionProjectTests" */ = {
			isa = XCConfigurationList;
			buildConfigurations = (
				186324FE27F539EB00C46D4C /* Debug */,
				186324FF27F539EB00C46D4C /* Release */,
			);
			defaultConfigurationIsVisible = 0;
			defaultConfigurationName = Release;
		};
		1863250027F539EB00C46D4C /* Build configuration list for PBXNativeTarget "url sessionProjectUITests" */ = {
			isa = XCConfigurationList;
			buildConfigurations = (
				1863250127F539EB00C46D4C /* Debug */,
				1863250227F539EB00C46D4C /* Release */,
			);
			defaultConfigurationIsVisible = 0;
			defaultConfigurationName = Release;
		};
/* End XCConfigurationList section */
	};
	rootObject = 186324C827F539E900C46D4C /* Project object */;
}
