// !$*UTF8*$!
{
	archiveVersion = 1;
	classes = {
	};
	objectVersion = 50;
	objects = {

/* Begin PBXBuildFile section */
		9FF5F4FA27FC15260034F8EB /* AppDelegate.swift in Sources */ = {isa = PBXBuildFile; fileRef = 9FF5F4F927FC15260034F8EB /* AppDelegate.swift */; };
		9FF5F4FC27FC15260034F8EB /* SceneDelegate.swift in Sources */ = {isa = PBXBuildFile; fileRef = 9FF5F4FB27FC15260034F8EB /* SceneDelegate.swift */; };
		9FF5F4FE27FC15260034F8EB /* ViewController.swift in Sources */ = {isa = PBXBuildFile; fileRef = 9FF5F4FD27FC15260034F8EB /* ViewController.swift */; };
		9FF5F50127FC15260034F8EB /* Main.storyboard in Resources */ = {isa = PBXBuildFile; fileRef = 9FF5F4FF27FC15260034F8EB /* Main.storyboard */; };
		9FF5F50327FC15270034F8EB /* Assets.xcassets in Resources */ = {isa = PBXBuildFile; fileRef = 9FF5F50227FC15270034F8EB /* Assets.xcassets */; };
		9FF5F50627FC15270034F8EB /* LaunchScreen.storyboard in Resources */ = {isa = PBXBuildFile; fileRef = 9FF5F50427FC15270034F8EB /* LaunchScreen.storyboard */; };
		9FF5F51127FC15280034F8EB /* SQLiteProjectTests.swift in Sources */ = {isa = PBXBuildFile; fileRef = 9FF5F51027FC15280034F8EB /* SQLiteProjectTests.swift */; };
		9FF5F51C27FC15280034F8EB /* SQLiteProjectUITests.swift in Sources */ = {isa = PBXBuildFile; fileRef = 9FF5F51B27FC15280034F8EB /* SQLiteProjectUITests.swift */; };
/* End PBXBuildFile section */

/* Begin PBXContainerItemProxy section */
		9FF5F50D27FC15280034F8EB /* PBXContainerItemProxy */ = {
			isa = PBXContainerItemProxy;
			containerPortal = 9FF5F4EE27FC15260034F8EB /* Project object */;
			proxyType = 1;
			remoteGlobalIDString = 9FF5F4F527FC15260034F8EB;
			remoteInfo = SQLiteProject;
		};
		9FF5F51827FC15280034F8EB /* PBXContainerItemProxy */ = {
			isa = PBXContainerItemProxy;
			containerPortal = 9FF5F4EE27FC15260034F8EB /* Project object */;
			proxyType = 1;
			remoteGlobalIDString = 9FF5F4F527FC15260034F8EB;
			remoteInfo = SQLiteProject;
		};
/* End PBXContainerItemProxy section */

/* Begin PBXFileReference section */
		9FF5F4F627FC15260034F8EB /* SQLiteProject.app */ = {isa = PBXFileReference; explicitFileType = wrapper.application; includeInIndex = 0; path = SQLiteProject.app; sourceTree = BUILT_PRODUCTS_DIR; };
		9FF5F4F927FC15260034F8EB /* AppDelegate.swift */ = {isa = PBXFileReference; lastKnownFileType = sourcecode.swift; path = AppDelegate.swift; sourceTree = "<group>"; };
		9FF5F4FB27FC15260034F8EB /* SceneDelegate.swift */ = {isa = PBXFileReference; lastKnownFileType = sourcecode.swift; path = SceneDelegate.swift; sourceTree = "<group>"; };
		9FF5F4FD27FC15260034F8EB /* ViewController.swift */ = {isa = PBXFileReference; lastKnownFileType = sourcecode.swift; path = ViewController.swift; sourceTree = "<group>"; };
		9FF5F50027FC15260034F8EB /* Base */ = {isa = PBXFileReference; lastKnownFileType = file.storyboard; name = Base; path = Base.lproj/Main.storyboard; sourceTree = "<group>"; };
		9FF5F50227FC15270034F8EB /* Assets.xcassets */ = {isa = PBXFileReference; lastKnownFileType = folder.assetcatalog; path = Assets.xcassets; sourceTree = "<group>"; };
		9FF5F50527FC15270034F8EB /* Base */ = {isa = PBXFileReference; lastKnownFileType = file.storyboard; name = Base; path = Base.lproj/LaunchScreen.storyboard; sourceTree = "<group>"; };
		9FF5F50727FC15270034F8EB /* Info.plist */ = {isa = PBXFileReference; lastKnownFileType = text.plist.xml; path = Info.plist; sourceTree = "<group>"; };
		9FF5F50C27FC15280034F8EB /* SQLiteProjectTests.xctest */ = {isa = PBXFileReference; explicitFileType = wrapper.cfbundle; includeInIndex = 0; path = SQLiteProjectTests.xctest; sourceTree = BUILT_PRODUCTS_DIR; };
		9FF5F51027FC15280034F8EB /* SQLiteProjectTests.swift */ = {isa = PBXFileReference; lastKnownFileType = sourcecode.swift; path = SQLiteProjectTests.swift; sourceTree = "<group>"; };
		9FF5F51227FC15280034F8EB /* Info.plist */ = {isa = PBXFileReference; lastKnownFileType = text.plist.xml; path = Info.plist; sourceTree = "<group>"; };
		9FF5F51727FC15280034F8EB /* SQLiteProjectUITests.xctest */ = {isa = PBXFileReference; explicitFileType = wrapper.cfbundle; includeInIndex = 0; path = SQLiteProjectUITests.xctest; sourceTree = BUILT_PRODUCTS_DIR; };
		9FF5F51B27FC15280034F8EB /* SQLiteProjectUITests.swift */ = {isa = PBXFileReference; lastKnownFileType = sourcecode.swift; path = SQLiteProjectUITests.swift; sourceTree = "<group>"; };
		9FF5F51D27FC15280034F8EB /* Info.plist */ = {isa = PBXFileReference; lastKnownFileType = text.plist.xml; path = Info.plist; sourceTree = "<group>"; };
/* End PBXFileReference section */

/* Begin PBXFrameworksBuildPhase section */
		9FF5F4F327FC15260034F8EB /* Frameworks */ = {
			isa = PBXFrameworksBuildPhase;
			buildActionMask = 2147483647;
			files = (
			);
			runOnlyForDeploymentPostprocessing = 0;
		};
		9FF5F50927FC15280034F8EB /* Frameworks */ = {
			isa = PBXFrameworksBuildPhase;
			buildActionMask = 2147483647;
			files = (
			);
			runOnlyForDeploymentPostprocessing = 0;
		};
		9FF5F51427FC15280034F8EB /* Frameworks */ = {
			isa = PBXFrameworksBuildPhase;
			buildActionMask = 2147483647;
			files = (
			);
			runOnlyForDeploymentPostprocessing = 0;
		};
/* End PBXFrameworksBuildPhase section */

/* Begin PBXGroup section */
		9FF5F4ED27FC15260034F8EB = {
			isa = PBXGroup;
			children = (
				9FF5F4F827FC15260034F8EB /* SQLiteProject */,
				9FF5F50F27FC15280034F8EB /* SQLiteProjectTests */,
				9FF5F51A27FC15280034F8EB /* SQLiteProjectUITests */,
				9FF5F4F727FC15260034F8EB /* Products */,
			);
			sourceTree = "<group>";
		};
		9FF5F4F727FC15260034F8EB /* Products */ = {
			isa = PBXGroup;
			children = (
				9FF5F4F627FC15260034F8EB /* SQLiteProject.app */,
				9FF5F50C27FC15280034F8EB /* SQLiteProjectTests.xctest */,
				9FF5F51727FC15280034F8EB /* SQLiteProjectUITests.xctest */,
			);
			name = Products;
			sourceTree = "<group>";
		};
		9FF5F4F827FC15260034F8EB /* SQLiteProject */ = {
			isa = PBXGroup;
			children = (
				9FF5F4F927FC15260034F8EB /* AppDelegate.swift */,
				9FF5F4FB27FC15260034F8EB /* SceneDelegate.swift */,
				9FF5F4FD27FC15260034F8EB /* ViewController.swift */,
				9FF5F4FF27FC15260034F8EB /* Main.storyboard */,
				9FF5F50227FC15270034F8EB /* Assets.xcassets */,
				9FF5F50427FC15270034F8EB /* LaunchScreen.storyboard */,
				9FF5F50727FC15270034F8EB /* Info.plist */,
			);
			path = SQLiteProject;
			sourceTree = "<group>";
		};
		9FF5F50F27FC15280034F8EB /* SQLiteProjectTests */ = {
			isa = PBXGroup;
			children = (
				9FF5F51027FC15280034F8EB /* SQLiteProjectTests.swift */,
				9FF5F51227FC15280034F8EB /* Info.plist */,
			);
			path = SQLiteProjectTests;
			sourceTree = "<group>";
		};
		9FF5F51A27FC15280034F8EB /* SQLiteProjectUITests */ = {
			isa = PBXGroup;
			children = (
				9FF5F51B27FC15280034F8EB /* SQLiteProjectUITests.swift */,
				9FF5F51D27FC15280034F8EB /* Info.plist */,
			);
			path = SQLiteProjectUITests;
			sourceTree = "<group>";
		};
/* End PBXGroup section */

/* Begin PBXNativeTarget section */
		9FF5F4F527FC15260034F8EB /* SQLiteProject */ = {
			isa = PBXNativeTarget;
			buildConfigurationList = 9FF5F52027FC15280034F8EB /* Build configuration list for PBXNativeTarget "SQLiteProject" */;
			buildPhases = (
				9FF5F4F227FC15260034F8EB /* Sources */,
				9FF5F4F327FC15260034F8EB /* Frameworks */,
				9FF5F4F427FC15260034F8EB /* Resources */,
			);
			buildRules = (
			);
			dependencies = (
			);
			name = SQLiteProject;
			productName = SQLiteProject;
			productReference = 9FF5F4F627FC15260034F8EB /* SQLiteProject.app */;
			productType = "com.apple.product-type.application";
		};
		9FF5F50B27FC15280034F8EB /* SQLiteProjectTests */ = {
			isa = PBXNativeTarget;
			buildConfigurationList = 9FF5F52327FC15280034F8EB /* Build configuration list for PBXNativeTarget "SQLiteProjectTests" */;
			buildPhases = (
				9FF5F50827FC15280034F8EB /* Sources */,
				9FF5F50927FC15280034F8EB /* Frameworks */,
				9FF5F50A27FC15280034F8EB /* Resources */,
			);
			buildRules = (
			);
			dependencies = (
				9FF5F50E27FC15280034F8EB /* PBXTargetDependency */,
			);
			name = SQLiteProjectTests;
			productName = SQLiteProjectTests;
			productReference = 9FF5F50C27FC15280034F8EB /* SQLiteProjectTests.xctest */;
			productType = "com.apple.product-type.bundle.unit-test";
		};
		9FF5F51627FC15280034F8EB /* SQLiteProjectUITests */ = {
			isa = PBXNativeTarget;
			buildConfigurationList = 9FF5F52627FC15280034F8EB /* Build configuration list for PBXNativeTarget "SQLiteProjectUITests" */;
			buildPhases = (
				9FF5F51327FC15280034F8EB /* Sources */,
				9FF5F51427FC15280034F8EB /* Frameworks */,
				9FF5F51527FC15280034F8EB /* Resources */,
			);
			buildRules = (
			);
			dependencies = (
				9FF5F51927FC15280034F8EB /* PBXTargetDependency */,
			);
			name = SQLiteProjectUITests;
			productName = SQLiteProjectUITests;
			productReference = 9FF5F51727FC15280034F8EB /* SQLiteProjectUITests.xctest */;
			productType = "com.apple.product-type.bundle.ui-testing";
		};
/* End PBXNativeTarget section */

/* Begin PBXProject section */
		9FF5F4EE27FC15260034F8EB /* Project object */ = {
			isa = PBXProject;
			attributes = {
				LastSwiftUpdateCheck = 1240;
				LastUpgradeCheck = 1240;
				TargetAttributes = {
					9FF5F4F527FC15260034F8EB = {
						CreatedOnToolsVersion = 12.4;
					};
					9FF5F50B27FC15280034F8EB = {
						CreatedOnToolsVersion = 12.4;
						TestTargetID = 9FF5F4F527FC15260034F8EB;
					};
					9FF5F51627FC15280034F8EB = {
						CreatedOnToolsVersion = 12.4;
						TestTargetID = 9FF5F4F527FC15260034F8EB;
					};
				};
			};
			buildConfigurationList = 9FF5F4F127FC15260034F8EB /* Build configuration list for PBXProject "SQLiteProject" */;
			compatibilityVersion = "Xcode 9.3";
			developmentRegion = en;
			hasScannedForEncodings = 0;
			knownRegions = (
				en,
				Base,
			);
			mainGroup = 9FF5F4ED27FC15260034F8EB;
			productRefGroup = 9FF5F4F727FC15260034F8EB /* Products */;
			projectDirPath = "";
			projectRoot = "";
			targets = (
				9FF5F4F527FC15260034F8EB /* SQLiteProject */,
				9FF5F50B27FC15280034F8EB /* SQLiteProjectTests */,
				9FF5F51627FC15280034F8EB /* SQLiteProjectUITests */,
			);
		};
/* End PBXProject section */

/* Begin PBXResourcesBuildPhase section */
		9FF5F4F427FC15260034F8EB /* Resources */ = {
			isa = PBXResourcesBuildPhase;
			buildActionMask = 2147483647;
			files = (
				9FF5F50627FC15270034F8EB /* LaunchScreen.storyboard in Resources */,
				9FF5F50327FC15270034F8EB /* Assets.xcassets in Resources */,
				9FF5F50127FC15260034F8EB /* Main.storyboard in Resources */,
			);
			runOnlyForDeploymentPostprocessing = 0;
		};
		9FF5F50A27FC15280034F8EB /* Resources */ = {
			isa = PBXResourcesBuildPhase;
			buildActionMask = 2147483647;
			files = (
			);
			runOnlyForDeploymentPostprocessing = 0;
		};
		9FF5F51527FC15280034F8EB /* Resources */ = {
			isa = PBXResourcesBuildPhase;
			buildActionMask = 2147483647;
			files = (
			);
			runOnlyForDeploymentPostprocessing = 0;
		};
/* End PBXResourcesBuildPhase section */

/* Begin PBXSourcesBuildPhase section */
		9FF5F4F227FC15260034F8EB /* Sources */ = {
			isa = PBXSourcesBuildPhase;
			buildActionMask = 2147483647;
			files = (
				9FF5F4FE27FC15260034F8EB /* ViewController.swift in Sources */,
				9FF5F4FA27FC15260034F8EB /* AppDelegate.swift in Sources */,
				9FF5F4FC27FC15260034F8EB /* SceneDelegate.swift in Sources */,
			);
			runOnlyForDeploymentPostprocessing = 0;
		};
		9FF5F50827FC15280034F8EB /* Sources */ = {
			isa = PBXSourcesBuildPhase;
			buildActionMask = 2147483647;
			files = (
				9FF5F51127FC15280034F8EB /* SQLiteProjectTests.swift in Sources */,
			);
			runOnlyForDeploymentPostprocessing = 0;
		};
		9FF5F51327FC15280034F8EB /* Sources */ = {
			isa = PBXSourcesBuildPhase;
			buildActionMask = 2147483647;
			files = (
				9FF5F51C27FC15280034F8EB /* SQLiteProjectUITests.swift in Sources */,
			);
			runOnlyForDeploymentPostprocessing = 0;
		};
/* End PBXSourcesBuildPhase section */

/* Begin PBXTargetDependency section */
		9FF5F50E27FC15280034F8EB /* PBXTargetDependency */ = {
			isa = PBXTargetDependency;
			target = 9FF5F4F527FC15260034F8EB /* SQLiteProject */;
			targetProxy = 9FF5F50D27FC15280034F8EB /* PBXContainerItemProxy */;
		};
		9FF5F51927FC15280034F8EB /* PBXTargetDependency */ = {
			isa = PBXTargetDependency;
			target = 9FF5F4F527FC15260034F8EB /* SQLiteProject */;
			targetProxy = 9FF5F51827FC15280034F8EB /* PBXContainerItemProxy */;
		};
/* End PBXTargetDependency section */

/* Begin PBXVariantGroup section */
		9FF5F4FF27FC15260034F8EB /* Main.storyboard */ = {
			isa = PBXVariantGroup;
			children = (
				9FF5F50027FC15260034F8EB /* Base */,
			);
			name = Main.storyboard;
			sourceTree = "<group>";
		};
		9FF5F50427FC15270034F8EB /* LaunchScreen.storyboard */ = {
			isa = PBXVariantGroup;
			children = (
				9FF5F50527FC15270034F8EB /* Base */,
			);
			name = LaunchScreen.storyboard;
			sourceTree = "<group>";
		};
/* End PBXVariantGroup section */

/* Begin XCBuildConfiguration section */
		9FF5F51E27FC15280034F8EB /* Debug */ = {
			isa = XCBuildConfiguration;
			buildSettings = {
				ALWAYS_SEARCH_USER_PATHS = NO;
				CLANG_ANALYZER_NONNULL = YES;
				CLANG_ANALYZER_NUMBER_OBJECT_CONVERSION = YES_AGGRESSIVE;
				CLANG_CXX_LANGUAGE_STANDARD = "gnu++14";
				CLANG_CXX_LIBRARY = "libc++";
				CLANG_ENABLE_MODULES = YES;
				CLANG_ENABLE_OBJC_ARC = YES;
				CLANG_ENABLE_OBJC_WEAK = YES;
				CLANG_WARN_BLOCK_CAPTURE_AUTORELEASING = YES;
				CLANG_WARN_BOOL_CONVERSION = YES;
				CLANG_WARN_COMMA = YES;
				CLANG_WARN_CONSTANT_CONVERSION = YES;
				CLANG_WARN_DEPRECATED_OBJC_IMPLEMENTATIONS = YES;
				CLANG_WARN_DIRECT_OBJC_ISA_USAGE = YES_ERROR;
				CLANG_WARN_DOCUMENTATION_COMMENTS = YES;
				CLANG_WARN_EMPTY_BODY = YES;
				CLANG_WARN_ENUM_CONVERSION = YES;
				CLANG_WARN_INFINITE_RECURSION = YES;
				CLANG_WARN_INT_CONVERSION = YES;
				CLANG_WARN_NON_LITERAL_NULL_CONVERSION = YES;
				CLANG_WARN_OBJC_IMPLICIT_RETAIN_SELF = YES;
				CLANG_WARN_OBJC_LITERAL_CONVERSION = YES;
				CLANG_WARN_OBJC_ROOT_CLASS = YES_ERROR;
				CLANG_WARN_QUOTED_INCLUDE_IN_FRAMEWORK_HEADER = YES;
				CLANG_WARN_RANGE_LOOP_ANALYSIS = YES;
				CLANG_WARN_STRICT_PROTOTYPES = YES;
				CLANG_WARN_SUSPICIOUS_MOVE = YES;
				CLANG_WARN_UNGUARDED_AVAILABILITY = YES_AGGRESSIVE;
				CLANG_WARN_UNREACHABLE_CODE = YES;
				CLANG_WARN__DUPLICATE_METHOD_MATCH = YES;
				COPY_PHASE_STRIP = NO;
				DEBUG_INFORMATION_FORMAT = dwarf;
				ENABLE_STRICT_OBJC_MSGSEND = YES;
				ENABLE_TESTABILITY = YES;
				GCC_C_LANGUAGE_STANDARD = gnu11;
				GCC_DYNAMIC_NO_PIC = NO;
				GCC_NO_COMMON_BLOCKS = YES;
				GCC_OPTIMIZATION_LEVEL = 0;
				GCC_PREPROCESSOR_DEFINITIONS = (
					"DEBUG=1",
					"$(inherited)",
				);
				GCC_WARN_64_TO_32_BIT_CONVERSION = YES;
				GCC_WARN_ABOUT_RETURN_TYPE = YES_ERROR;
				GCC_WARN_UNDECLARED_SELECTOR = YES;
				GCC_WARN_UNINITIALIZED_AUTOS = YES_AGGRESSIVE;
				GCC_WARN_UNUSED_FUNCTION = YES;
				GCC_WARN_UNUSED_VARIABLE = YES;
				IPHONEOS_DEPLOYMENT_TARGET = 14.4;
				MTL_ENABLE_DEBUG_INFO = INCLUDE_SOURCE;
				MTL_FAST_MATH = YES;
				ONLY_ACTIVE_ARCH = YES;
				SDKROOT = iphoneos;
				SWIFT_ACTIVE_COMPILATION_CONDITIONS = DEBUG;
				SWIFT_OPTIMIZATION_LEVEL = "-Onone";
			};
			name = Debug;
		};
		9FF5F51F27FC15280034F8EB /* Release */ = {
			isa = XCBuildConfiguration;
			buildSettings = {
				ALWAYS_SEARCH_USER_PATHS = NO;
				CLANG_ANALYZER_NONNULL = YES;
				CLANG_ANALYZER_NUMBER_OBJECT_CONVERSION = YES_AGGRESSIVE;
				CLANG_CXX_LANGUAGE_STANDARD = "gnu++14";
				CLANG_CXX_LIBRARY = "libc++";
				CLANG_ENABLE_MODULES = YES;
				CLANG_ENABLE_OBJC_ARC = YES;
				CLANG_ENABLE_OBJC_WEAK = YES;
				CLANG_WARN_BLOCK_CAPTURE_AUTORELEASING = YES;
				CLANG_WARN_BOOL_CONVERSION = YES;
				CLANG_WARN_COMMA = YES;
				CLANG_WARN_CONSTANT_CONVERSION = YES;
				CLANG_WARN_DEPRECATED_OBJC_IMPLEMENTATIONS = YES;
				CLANG_WARN_DIRECT_OBJC_ISA_USAGE = YES_ERROR;
				CLANG_WARN_DOCUMENTATION_COMMENTS = YES;
				CLANG_WARN_EMPTY_BODY = YES;
				CLANG_WARN_ENUM_CONVERSION = YES;
				CLANG_WARN_INFINITE_RECURSION = YES;
				CLANG_WARN_INT_CONVERSION = YES;
				CLANG_WARN_NON_LITERAL_NULL_CONVERSION = YES;
				CLANG_WARN_OBJC_IMPLICIT_RETAIN_SELF = YES;
				CLANG_WARN_OBJC_LITERAL_CONVERSION = YES;
				CLANG_WARN_OBJC_ROOT_CLASS = YES_ERROR;
				CLANG_WARN_QUOTED_INCLUDE_IN_FRAMEWORK_HEADER = YES;
				CLANG_WARN_RANGE_LOOP_ANALYSIS = YES;
				CLANG_WARN_STRICT_PROTOTYPES = YES;
				CLANG_WARN_SUSPICIOUS_MOVE = YES;
				CLANG_WARN_UNGUARDED_AVAILABILITY = YES_AGGRESSIVE;
				CLANG_WARN_UNREACHABLE_CODE = YES;
				CLANG_WARN__DUPLICATE_METHOD_MATCH = YES;
				COPY_PHASE_STRIP = NO;
				DEBUG_INFORMATION_FORMAT = "dwarf-with-dsym";
				ENABLE_NS_ASSERTIONS = NO;
				ENABLE_STRICT_OBJC_MSGSEND = YES;
				GCC_C_LANGUAGE_STANDARD = gnu11;
				GCC_NO_COMMON_BLOCKS = YES;
				GCC_WARN_64_TO_32_BIT_CONVERSION = YES;
				GCC_WARN_ABOUT_RETURN_TYPE = YES_ERROR;
				GCC_WARN_UNDECLARED_SELECTOR = YES;
				GCC_WARN_UNINITIALIZED_AUTOS = YES_AGGRESSIVE;
				GCC_WARN_UNUSED_FUNCTION = YES;
				GCC_WARN_UNUSED_VARIABLE = YES;
				IPHONEOS_DEPLOYMENT_TARGET = 14.4;
				MTL_ENABLE_DEBUG_INFO = NO;
				MTL_FAST_MATH = YES;
				SDKROOT = iphoneos;
				SWIFT_COMPILATION_MODE = wholemodule;
				SWIFT_OPTIMIZATION_LEVEL = "-O";
				VALIDATE_PRODUCT = YES;
			};
			name = Release;
		};
		9FF5F52127FC15280034F8EB /* Debug */ = {
			isa = XCBuildConfiguration;
			buildSettings = {
				ASSETCATALOG_COMPILER_APPICON_NAME = AppIcon;
				ASSETCATALOG_COMPILER_GLOBAL_ACCENT_COLOR_NAME = AccentColor;
				CODE_SIGN_STYLE = Automatic;
				DEVELOPMENT_TEAM = K4AQ78ZMHH;
				INFOPLIST_FILE = SQLiteProject/Info.plist;
				LD_RUNPATH_SEARCH_PATHS = (
					"$(inherited)",
					"@executable_path/Frameworks",
				);
				PRODUCT_BUNDLE_IDENTIFIER = com..SQLiteProject;
				PRODUCT_NAME = "$(TARGET_NAME)";
				SWIFT_VERSION = 5.0;
				TARGETED_DEVICE_FAMILY = "1,2";
			};
			name = Debug;
		};
		9FF5F52227FC15280034F8EB /* Release */ = {
			isa = XCBuildConfiguration;
			buildSettings = {
				ASSETCATALOG_COMPILER_APPICON_NAME = AppIcon;
				ASSETCATALOG_COMPILER_GLOBAL_ACCENT_COLOR_NAME = AccentColor;
				CODE_SIGN_STYLE = Automatic;
				DEVELOPMENT_TEAM = K4AQ78ZMHH;
				INFOPLIST_FILE = SQLiteProject/Info.plist;
				LD_RUNPATH_SEARCH_PATHS = (
					"$(inherited)",
					"@executable_path/Frameworks",
				);
				PRODUCT_BUNDLE_IDENTIFIER = com..SQLiteProject;
				PRODUCT_NAME = "$(TARGET_NAME)";
				SWIFT_VERSION = 5.0;
				TARGETED_DEVICE_FAMILY = "1,2";
			};
			name = Release;
		};
		9FF5F52427FC15280034F8EB /* Debug */ = {
			isa = XCBuildConfiguration;
			buildSettings = {
				ALWAYS_EMBED_SWIFT_STANDARD_LIBRARIES = YES;
				BUNDLE_LOADER = "$(TEST_HOST)";
				CODE_SIGN_STYLE = Automatic;
				DEVELOPMENT_TEAM = K4AQ78ZMHH;
				INFOPLIST_FILE = SQLiteProjectTests/Info.plist;
				IPHONEOS_DEPLOYMENT_TARGET = 14.4;
				LD_RUNPATH_SEARCH_PATHS = (
					"$(inherited)",
					"@executable_path/Frameworks",
					"@loader_path/Frameworks",
				);
				PRODUCT_BUNDLE_IDENTIFIER = com..SQLiteProjectTests;
				PRODUCT_NAME = "$(TARGET_NAME)";
				SWIFT_VERSION = 5.0;
				TARGETED_DEVICE_FAMILY = "1,2";
				TEST_HOST = "$(BUILT_PRODUCTS_DIR)/SQLiteProject.app/SQLiteProject";
			};
			name = Debug;
		};
		9FF5F52527FC15280034F8EB /* Release */ = {
			isa = XCBuildConfiguration;
			buildSettings = {
				ALWAYS_EMBED_SWIFT_STANDARD_LIBRARIES = YES;
				BUNDLE_LOADER = "$(TEST_HOST)";
				CODE_SIGN_STYLE = Automatic;
				DEVELOPMENT_TEAM = K4AQ78ZMHH;
				INFOPLIST_FILE = SQLiteProjectTests/Info.plist;
				IPHONEOS_DEPLOYMENT_TARGET = 14.4;
				LD_RUNPATH_SEARCH_PATHS = (
					"$(inherited)",
					"@executable_path/Frameworks",
					"@loader_path/Frameworks",
				);
				PRODUCT_BUNDLE_IDENTIFIER = com..SQLiteProjectTests;
				PRODUCT_NAME = "$(TARGET_NAME)";
				SWIFT_VERSION = 5.0;
				TARGETED_DEVICE_FAMILY = "1,2";
				TEST_HOST = "$(BUILT_PRODUCTS_DIR)/SQLiteProject.app/SQLiteProject";
			};
			name = Release;
		};
		9FF5F52727FC15280034F8EB /* Debug */ = {
			isa = XCBuildConfiguration;
			buildSettings = {
				ALWAYS_EMBED_SWIFT_STANDARD_LIBRARIES = YES;
				CODE_SIGN_STYLE = Automatic;
				DEVELOPMENT_TEAM = K4AQ78ZMHH;
				INFOPLIST_FILE = SQLiteProjectUITests/Info.plist;
				LD_RUNPATH_SEARCH_PATHS = (
					"$(inherited)",
					"@executable_path/Frameworks",
					"@loader_path/Frameworks",
				);
				PRODUCT_BUNDLE_IDENTIFIER = com..SQLiteProjectUITests;
				PRODUCT_NAME = "$(TARGET_NAME)";
				SWIFT_VERSION = 5.0;
				TARGETED_DEVICE_FAMILY = "1,2";
				TEST_TARGET_NAME = SQLiteProject;
			};
			name = Debug;
		};
		9FF5F52827FC15280034F8EB /* Release */ = {
			isa = XCBuildConfiguration;
			buildSettings = {
				ALWAYS_EMBED_SWIFT_STANDARD_LIBRARIES = YES;
				CODE_SIGN_STYLE = Automatic;
				DEVELOPMENT_TEAM = K4AQ78ZMHH;
				INFOPLIST_FILE = SQLiteProjectUITests/Info.plist;
				LD_RUNPATH_SEARCH_PATHS = (
					"$(inherited)",
					"@executable_path/Frameworks",
					"@loader_path/Frameworks",
				);
				PRODUCT_BUNDLE_IDENTIFIER = com..SQLiteProjectUITests;
				PRODUCT_NAME = "$(TARGET_NAME)";
				SWIFT_VERSION = 5.0;
				TARGETED_DEVICE_FAMILY = "1,2";
				TEST_TARGET_NAME = SQLiteProject;
			};
			name = Release;
		};
/* End XCBuildConfiguration section */

/* Begin XCConfigurationList section */
		9FF5F4F127FC15260034F8EB /* Build configuration list for PBXProject "SQLiteProject" */ = {
			isa = XCConfigurationList;
			buildConfigurations = (
				9FF5F51E27FC15280034F8EB /* Debug */,
				9FF5F51F27FC15280034F8EB /* Release */,
			);
			defaultConfigurationIsVisible = 0;
			defaultConfigurationName = Release;
		};
		9FF5F52027FC15280034F8EB /* Build configuration list for PBXNativeTarget "SQLiteProject" */ = {
			isa = XCConfigurationList;
			buildConfigurations = (
				9FF5F52127FC15280034F8EB /* Debug */,
				9FF5F52227FC15280034F8EB /* Release */,
			);
			defaultConfigurationIsVisible = 0;
			defaultConfigurationName = Release;
		};
		9FF5F52327FC15280034F8EB /* Build configuration list for PBXNativeTarget "SQLiteProjectTests" */ = {
			isa = XCConfigurationList;
			buildConfigurations = (
				9FF5F52427FC15280034F8EB /* Debug */,
				9FF5F52527FC15280034F8EB /* Release */,
			);
			defaultConfigurationIsVisible = 0;
			defaultConfigurationName = Release;
		};
		9FF5F52627FC15280034F8EB /* Build configuration list for PBXNativeTarget "SQLiteProjectUITests" */ = {
			isa = XCConfigurationList;
			buildConfigurations = (
				9FF5F52727FC15280034F8EB /* Debug */,
				9FF5F52827FC15280034F8EB /* Release */,
			);
			defaultConfigurationIsVisible = 0;
			defaultConfigurationName = Release;
		};
/* End XCConfigurationList section */
	};
	rootObject = 9FF5F4EE27FC15260034F8EB /* Project object */;
}
